// !$*UTF8*$!
{
	archiveVersion = 1;
	classes = {
	};
	objectVersion = 50;
	objects = {

/* Begin PBXBuildFile section */
		646D2044262932B9006673F6 /* AppDelegate.swift in Sources */ = {isa = PBXBuildFile; fileRef = 646D2043262932B9006673F6 /* AppDelegate.swift */; };
		646D2046262932B9006673F6 /* SceneDelegate.swift in Sources */ = {isa = PBXBuildFile; fileRef = 646D2045262932B9006673F6 /* SceneDelegate.swift */; };
		646D2048262932B9006673F6 /* ContentView.swift in Sources */ = {isa = PBXBuildFile; fileRef = 646D2047262932B9006673F6 /* ContentView.swift */; };
		646D204B262932B9006673F6 /* GameAPI_.xcdatamodeld in Sources */ = {isa = PBXBuildFile; fileRef = 646D2049262932B9006673F6 /* GameAPI_.xcdatamodeld */; };
		646D204D262932BC006673F6 /* Assets.xcassets in Resources */ = {isa = PBXBuildFile; fileRef = 646D204C262932BC006673F6 /* Assets.xcassets */; };
		646D2050262932BC006673F6 /* Preview Assets.xcassets in Resources */ = {isa = PBXBuildFile; fileRef = 646D204F262932BC006673F6 /* Preview Assets.xcassets */; };
		646D2053262932BC006673F6 /* LaunchScreen.storyboard in Resources */ = {isa = PBXBuildFile; fileRef = 646D2051262932BC006673F6 /* LaunchScreen.storyboard */; };
/* End PBXBuildFile section */

/* Begin PBXFileReference section */
		646D2040262932B9006673F6 /* GameAPI..app */ = {isa = PBXFileReference; explicitFileType = wrapper.application; includeInIndex = 0; path = GameAPI..app; sourceTree = BUILT_PRODUCTS_DIR; };
		646D2043262932B9006673F6 /* AppDelegate.swift */ = {isa = PBXFileReference; lastKnownFileType = sourcecode.swift; path = AppDelegate.swift; sourceTree = "<group>"; };
		646D2045262932B9006673F6 /* SceneDelegate.swift */ = {isa = PBXFileReference; lastKnownFileType = sourcecode.swift; path = SceneDelegate.swift; sourceTree = "<group>"; };
		646D2047262932B9006673F6 /* ContentView.swift */ = {isa = PBXFileReference; lastKnownFileType = sourcecode.swift; path = ContentView.swift; sourceTree = "<group>"; };
		646D204A262932B9006673F6 /* GameAPI_.xcdatamodel */ = {isa = PBXFileReference; lastKnownFileType = wrapper.xcdatamodel; path = GameAPI_.xcdatamodel; sourceTree = "<group>"; };
		646D204C262932BC006673F6 /* Assets.xcassets */ = {isa = PBXFileReference; lastKnownFileType = folder.assetcatalog; path = Assets.xcassets; sourceTree = "<group>"; };
		646D204F262932BC006673F6 /* Preview Assets.xcassets */ = {isa = PBXFileReference; lastKnownFileType = folder.assetcatalog; path = "Preview Assets.xcassets"; sourceTree = "<group>"; };
		646D2052262932BC006673F6 /* Base */ = {isa = PBXFileReference; lastKnownFileType = file.storyboard; name = Base; path = Base.lproj/LaunchScreen.storyboard; sourceTree = "<group>"; };
		646D2054262932BC006673F6 /* Info.plist */ = {isa = PBXFileReference; lastKnownFileType = text.plist.xml; path = Info.plist; sourceTree = "<group>"; };
/* End PBXFileReference section */

/* Begin PBXFrameworksBuildPhase section */
		646D203D262932B9006673F6 /* Frameworks */ = {
			isa = PBXFrameworksBuildPhase;
			buildActionMask = 2147483647;
			files = (
			);
			runOnlyForDeploymentPostprocessing = 0;
		};
/* End PBXFrameworksBuildPhase section */

/* Begin PBXGroup section */
		646D2037262932B9006673F6 = {
			isa = PBXGroup;
			children = (
				646D2042262932B9006673F6 /* GameAPI. */,
				646D2041262932B9006673F6 /* Products */,
			);
			sourceTree = "<group>";
		};
		646D2041262932B9006673F6 /* Products */ = {
			isa = PBXGroup;
			children = (
				646D2040262932B9006673F6 /* GameAPI..app */,
			);
			name = Products;
			sourceTree = "<group>";
		};
		646D2042262932B9006673F6 /* GameAPI. */ = {
			isa = PBXGroup;
			children = (
				646D2043262932B9006673F6 /* AppDelegate.swift */,
				646D2045262932B9006673F6 /* SceneDelegate.swift */,
				646D2047262932B9006673F6 /* ContentView.swift */,
				646D204C262932BC006673F6 /* Assets.xcassets */,
				646D2051262932BC006673F6 /* LaunchScreen.storyboard */,
				646D2054262932BC006673F6 /* Info.plist */,
				646D2049262932B9006673F6 /* GameAPI_.xcdatamodeld */,
				646D204E262932BC006673F6 /* Preview Content */,
			);
			path = GameAPI.;
			sourceTree = "<group>";
		};
		646D204E262932BC006673F6 /* Preview Content */ = {
			isa = PBXGroup;
			children = (
				646D204F262932BC006673F6 /* Preview Assets.xcassets */,
			);
			path = "Preview Content";
			sourceTree = "<group>";
		};
/* End PBXGroup section */

/* Begin PBXNativeTarget section */
		646D203F262932B9006673F6 /* GameAPI. */ = {
			isa = PBXNativeTarget;
			buildConfigurationList = 646D2057262932BC006673F6 /* Build configuration list for PBXNativeTarget "GameAPI." */;
			buildPhases = (
				646D203C262932B9006673F6 /* Sources */,
				646D203D262932B9006673F6 /* Frameworks */,
				646D203E262932B9006673F6 /* Resources */,
			);
			buildRules = (
			);
			dependencies = (
			);
			name = GameAPI.;
			productName = GameAPI.;
			productReference = 646D2040262932B9006673F6 /* GameAPI..app */;
			productType = "com.apple.product-type.application";
		};
/* End PBXNativeTarget section */

/* Begin PBXProject section */
		646D2038262932B9006673F6 /* Project object */ = {
			isa = PBXProject;
			attributes = {
				LastSwiftUpdateCheck = 1230;
				LastUpgradeCheck = 1230;
				TargetAttributes = {
					646D203F262932B9006673F6 = {
						CreatedOnToolsVersion = 12.3;
					};
				};
			};
			buildConfigurationList = 646D203B262932B9006673F6 /* Build configuration list for PBXProject "GameAPI." */;
			compatibilityVersion = "Xcode 9.3";
			developmentRegion = en;
			hasScannedForEncodings = 0;
			knownRegions = (
				en,
				Base,
			);
			mainGroup = 646D2037262932B9006673F6;
			productRefGroup = 646D2041262932B9006673F6 /* Products */;
			projectDirPath = "";
			projectRoot = "";
			targets = (
				646D203F262932B9006673F6 /* GameAPI. */,
			);
		};
/* End PBXProject section */

/* Begin PBXResourcesBuildPhase section */
		646D203E262932B9006673F6 /* Resources */ = {
			isa = PBXResourcesBuildPhase;
			buildActionMask = 2147483647;
			files = (
				646D2053262932BC006673F6 /* LaunchScreen.storyboard in Resources */,
				646D2050262932BC006673F6 /* Preview Assets.xcassets in Resources */,
				646D204D262932BC006673F6 /* Assets.xcassets in Resources */,
			);
			runOnlyForDeploymentPostprocessing = 0;
		};
/* End PBXResourcesBuildPhase section */

/* Begin PBXSourcesBuildPhase section */
		646D203C262932B9006673F6 /* Sources */ = {
			isa = PBXSourcesBuildPhase;
			buildActionMask = 2147483647;
			files = (
				646D204B262932B9006673F6 /* GameAPI_.xcdatamodeld in Sources */,
				646D2044262932B9006673F6 /* AppDelegate.swift in Sources */,
				646D2046262932B9006673F6 /* SceneDelegate.swift in Sources */,
				646D2048262932B9006673F6 /* ContentView.swift in Sources */,
			);
			runOnlyForDeploymentPostprocessing = 0;
		};
/* End PBXSourcesBuildPhase section */

/* Begin PBXVariantGroup section */
		646D2051262932BC006673F6 /* LaunchScreen.storyboard */ = {
			isa = PBXVariantGroup;
			children = (
				646D2052262932BC006673F6 /* Base */,
			);
			name = LaunchScreen.storyboard;
			sourceTree = "<group>";
		};
/* End PBXVariantGroup section */

/* Begin XCBuildConfiguration section */
		646D2055262932BC006673F6 /* Debug */ = {
			isa = XCBuildConfiguration;
			buildSettings = {
				ALWAYS_SEARCH_USER_PATHS = NO;
				CLANG_ANALYZER_NONNULL = YES;
				CLANG_ANALYZER_NUMBER_OBJECT_CONVERSION = YES_AGGRESSIVE;
				CLANG_CXX_LANGUAGE_STANDARD = "gnu++14";
				CLANG_CXX_LIBRARY = "libc++";
				CLANG_ENABLE_MODULES = YES;
				CLANG_ENABLE_OBJC_ARC = YES;
				CLANG_ENABLE_OBJC_WEAK = YES;
				CLANG_WARN_BLOCK_CAPTURE_AUTORELEASING = YES;
				CLANG_WARN_BOOL_CONVERSION = YES;
				CLANG_WARN_COMMA = YES;
				CLANG_WARN_CONSTANT_CONVERSION = YES;
				CLANG_WARN_DEPRECATED_OBJC_IMPLEMENTATIONS = YES;
				CLANG_WARN_DIRECT_OBJC_ISA_USAGE = YES_ERROR;
				CLANG_WARN_DOCUMENTATION_COMMENTS = YES;
				CLANG_WARN_EMPTY_BODY = YES;
				CLANG_WARN_ENUM_CONVERSION = YES;
				CLANG_WARN_INFINITE_RECURSION = YES;
				CLANG_WARN_INT_CONVERSION = YES;
				CLANG_WARN_NON_LITERAL_NULL_CONVERSION = YES;
				CLANG_WARN_OBJC_IMPLICIT_RETAIN_SELF = YES;
				CLANG_WARN_OBJC_LITERAL_CONVERSION = YES;
				CLANG_WARN_OBJC_ROOT_CLASS = YES_ERROR;
				CLANG_WARN_QUOTED_INCLUDE_IN_FRAMEWORK_HEADER = YES;
				CLANG_WARN_RANGE_LOOP_ANALYSIS = YES;
				CLANG_WARN_STRICT_PROTOTYPES = YES;
				CLANG_WARN_SUSPICIOUS_MOVE = YES;
				CLANG_WARN_UNGUARDED_AVAILABILITY = YES_AGGRESSIVE;
				CLANG_WARN_UNREACHABLE_CODE = YES;
				CLANG_WARN__DUPLICATE_METHOD_MATCH = YES;
				COPY_PHASE_STRIP = NO;
				DEBUG_INFORMATION_FORMAT = dwarf;
				ENABLE_STRICT_OBJC_MSGSEND = YES;
				ENABLE_TESTABILITY = YES;
				GCC_C_LANGUAGE_STANDARD = gnu11;
				GCC_DYNAMIC_NO_PIC = NO;
				GCC_NO_COMMON_BLOCKS = YES;
				GCC_OPTIMIZATION_LEVEL = 0;
				GCC_PREPROCESSOR_DEFINITIONS = (
					"DEBUG=1",
					"$(inherited)",
				);
				GCC_WARN_64_TO_32_BIT_CONVERSION = YES;
				GCC_WARN_ABOUT_RETURN_TYPE = YES_ERROR;
				GCC_WARN_UNDECLARED_SELECTOR = YES;
				GCC_WARN_UNINITIALIZED_AUTOS = YES_AGGRESSIVE;
				GCC_WARN_UNUSED_FUNCTION = YES;
				GCC_WARN_UNUSED_VARIABLE = YES;
				IPHONEOS_DEPLOYMENT_TARGET = 14.3;
				MTL_ENABLE_DEBUG_INFO = INCLUDE_SOURCE;
				MTL_FAST_MATH = YES;
				ONLY_ACTIVE_ARCH = YES;
				SDKROOT = iphoneos;
				SWIFT_ACTIVE_COMPILATION_CONDITIONS = DEBUG;
				SWIFT_OPTIMIZATION_LEVEL = "-Onone";
			};
			name = Debug;
		};
		646D2056262932BC006673F6 /* Release */ = {
			isa = XCBuildConfiguration;
			buildSettings = {
				ALWAYS_SEARCH_USER_PATHS = NO;
				CLANG_ANALYZER_NONNULL = YES;
				CLANG_ANALYZER_NUMBER_OBJECT_CONVERSION = YES_AGGRESSIVE;
				CLANG_CXX_LANGUAGE_STANDARD = "gnu++14";
				CLANG_CXX_LIBRARY = "libc++";
				CLANG_ENABLE_MODULES = YES;
				CLANG_ENABLE_OBJC_ARC = YES;
				CLANG_ENABLE_OBJC_WEAK = YES;
				CLANG_WARN_BLOCK_CAPTURE_AUTORELEASING = YES;
				CLANG_WARN_BOOL_CONVERSION = YES;
				CLANG_WARN_COMMA = YES;
				CLANG_WARN_CONSTANT_CONVERSION = YES;
				CLANG_WARN_DEPRECATED_OBJC_IMPLEMENTATIONS = YES;
				CLANG_WARN_DIRECT_OBJC_ISA_USAGE = YES_ERROR;
				CLANG_WARN_DOCUMENTATION_COMMENTS = YES;
				CLANG_WARN_EMPTY_BODY = YES;
				CLANG_WARN_ENUM_CONVERSION = YES;
				CLANG_WARN_INFINITE_RECURSION = YES;
				CLANG_WARN_INT_CONVERSION = YES;
				CLANG_WARN_NON_LITERAL_NULL_CONVERSION = YES;
				CLANG_WARN_OBJC_IMPLICIT_RETAIN_SELF = YES;
				CLANG_WARN_OBJC_LITERAL_CONVERSION = YES;
				CLANG_WARN_OBJC_ROOT_CLASS = YES_ERROR;
				CLANG_WARN_QUOTED_INCLUDE_IN_FRAMEWORK_HEADER = YES;
				CLANG_WARN_RANGE_LOOP_ANALYSIS = YES;
				CLANG_WARN_STRICT_PROTOTYPES = YES;
				CLANG_WARN_SUSPICIOUS_MOVE = YES;
				CLANG_WARN_UNGUARDED_AVAILABILITY = YES_AGGRESSIVE;
				CLANG_WARN_UNREACHABLE_CODE = YES;
				CLANG_WARN__DUPLICATE_METHOD_MATCH = YES;
				COPY_PHASE_STRIP = NO;
				DEBUG_INFORMATION_FORMAT = "dwarf-with-dsym";
				ENABLE_NS_ASSERTIONS = NO;
				ENABLE_STRICT_OBJC_MSGSEND = YES;
				GCC_C_LANGUAGE_STANDARD = gnu11;
				GCC_NO_COMMON_BLOCKS = YES;
				GCC_WARN_64_TO_32_BIT_CONVERSION = YES;
				GCC_WARN_ABOUT_RETURN_TYPE = YES_ERROR;
				GCC_WARN_UNDECLARED_SELECTOR = YES;
				GCC_WARN_UNINITIALIZED_AUTOS = YES_AGGRESSIVE;
				GCC_WARN_UNUSED_FUNCTION = YES;
				GCC_WARN_UNUSED_VARIABLE = YES;
				IPHONEOS_DEPLOYMENT_TARGET = 14.3;
				MTL_ENABLE_DEBUG_INFO = NO;
				MTL_FAST_MATH = YES;
				SDKROOT = iphoneos;
				SWIFT_COMPILATION_MODE = wholemodule;
				SWIFT_OPTIMIZATION_LEVEL = "-O";
				VALIDATE_PRODUCT = YES;
			};
			name = Release;
		};
		646D2058262932BC006673F6 /* Debug */ = {
			isa = XCBuildConfiguration;
			buildSettings = {
				ASSETCATALOG_COMPILER_APPICON_NAME = AppIcon;
				ASSETCATALOG_COMPILER_GLOBAL_ACCENT_COLOR_NAME = AccentColor;
				CODE_SIGN_STYLE = Automatic;
				DEVELOPMENT_ASSET_PATHS = "\"GameAPI./Preview Content\"";
				DEVELOPMENT_TEAM = ADGVHR56U4;
				ENABLE_PREVIEWS = YES;
				INFOPLIST_FILE = GameAPI./Info.plist;
				LD_RUNPATH_SEARCH_PATHS = (
					"$(inherited)",
					"@executable_path/Frameworks",
				);
				PRODUCT_BUNDLE_IDENTIFIER = "net.growdev.GameAPI-";
				PRODUCT_NAME = "$(TARGET_NAME)";
				SWIFT_VERSION = 5.0;
				TARGETED_DEVICE_FAMILY = "1,2";
			};
			name = Debug;
		};
		646D2059262932BC006673F6 /* Release */ = {
			isa = XCBuildConfiguration;
			buildSettings = {
				ASSETCATALOG_COMPILER_APPICON_NAME = AppIcon;
				ASSETCATALOG_COMPILER_GLOBAL_ACCENT_COLOR_NAME = AccentColor;
				CODE_SIGN_STYLE = Automatic;
				DEVELOPMENT_ASSET_PATHS = "\"GameAPI./Preview Content\"";
				DEVELOPMENT_TEAM = ADGVHR56U4;
				ENABLE_PREVIEWS = YES;
				INFOPLIST_FILE = GameAPI./Info.plist;
				LD_RUNPATH_SEARCH_PATHS = (
					"$(inherited)",
					"@executable_path/Frameworks",
				);
				PRODUCT_BUNDLE_IDENTIFIER = "net.growdev.GameAPI-";
				PRODUCT_NAME = "$(TARGET_NAME)";
				SWIFT_VERSION = 5.0;
				TARGETED_DEVICE_FAMILY = "1,2";
			};
			name = Release;
		};
/* End XCBuildConfiguration section */

/* Begin XCConfigurationList section */
		646D203B262932B9006673F6 /* Build configuration list for PBXProject "GameAPI." */ = {
			isa = XCConfigurationList;
			buildConfigurations = (
				646D2055262932BC006673F6 /* Debug */,
				646D2056262932BC006673F6 /* Release */,
			);
			defaultConfigurationIsVisible = 0;
			defaultConfigurationName = Release;
		};
		646D2057262932BC006673F6 /* Build configuration list for PBXNativeTarget "GameAPI." */ = {
			isa = XCConfigurationList;
			buildConfigurations = (
				646D2058262932BC006673F6 /* Debug */,
				646D2059262932BC006673F6 /* Release */,
			);
			defaultConfigurationIsVisible = 0;
			defaultConfigurationName = Release;
		};
/* End XCConfigurationList section */

/* Begin XCVersionGroup section */
		646D2049262932B9006673F6 /* GameAPI_.xcdatamodeld */ = {
			isa = XCVersionGroup;
			children = (
				646D204A262932B9006673F6 /* GameAPI_.xcdatamodel */,
			);
			currentVersion = 646D204A262932B9006673F6 /* GameAPI_.xcdatamodel */;
			path = GameAPI_.xcdatamodeld;
			sourceTree = "<group>";
			versionGroupType = wrapper.xcdatamodel;
		};
/* End XCVersionGroup section */
	};
	rootObject = 646D2038262932B9006673F6 /* Project object */;
}
